// !$*UTF8*$!
{
	archiveVersion = 1;
	classes = {
	};
	objectVersion = 50;
	objects = {

/* Begin PBXBuildFile section */
		A6301D6724882AD300203C94 /* blue_background.png in Resources */ = {isa = PBXBuildFile; fileRef = A6301D6624882AD300203C94 /* blue_background.png */; };
		A6301D6924882B3300203C94 /* ic_launcher-playstore.png in Resources */ = {isa = PBXBuildFile; fileRef = A6301D6824882B3300203C94 /* ic_launcher-playstore.png */; };
		F470BC672486DCB5008E4D09 /* AppDelegate.swift in Sources */ = {isa = PBXBuildFile; fileRef = F470BC662486DCB5008E4D09 /* AppDelegate.swift */; };
		F470BC692486DCB5008E4D09 /* SceneDelegate.swift in Sources */ = {isa = PBXBuildFile; fileRef = F470BC682486DCB5008E4D09 /* SceneDelegate.swift */; };
		F470BC6B2486DCB5008E4D09 /* ViewController.swift in Sources */ = {isa = PBXBuildFile; fileRef = F470BC6A2486DCB5008E4D09 /* ViewController.swift */; };
		F470BC6E2486DCB5008E4D09 /* Main.storyboard in Resources */ = {isa = PBXBuildFile; fileRef = F470BC6C2486DCB5008E4D09 /* Main.storyboard */; };
		F470BC702486DCB9008E4D09 /* Assets.xcassets in Resources */ = {isa = PBXBuildFile; fileRef = F470BC6F2486DCB9008E4D09 /* Assets.xcassets */; };
		F470BC732486DCB9008E4D09 /* LaunchScreen.storyboard in Resources */ = {isa = PBXBuildFile; fileRef = F470BC712486DCB9008E4D09 /* LaunchScreen.storyboard */; };
/* End PBXBuildFile section */

/* Begin PBXFileReference section */
		A6301D6624882AD300203C94 /* blue_background.png */ = {isa = PBXFileReference; lastKnownFileType = image.png; path = blue_background.png; sourceTree = "<group>"; };
		A6301D6824882B3300203C94 /* ic_launcher-playstore.png */ = {isa = PBXFileReference; lastKnownFileType = image.png; path = "ic_launcher-playstore.png"; sourceTree = "<group>"; };
		F470BC632486DCB5008E4D09 /* myhealthjournal.app */ = {isa = PBXFileReference; explicitFileType = wrapper.application; includeInIndex = 0; path = myhealthjournal.app; sourceTree = BUILT_PRODUCTS_DIR; };
		F470BC662486DCB5008E4D09 /* AppDelegate.swift */ = {isa = PBXFileReference; lastKnownFileType = sourcecode.swift; path = AppDelegate.swift; sourceTree = "<group>"; };
		F470BC682486DCB5008E4D09 /* SceneDelegate.swift */ = {isa = PBXFileReference; lastKnownFileType = sourcecode.swift; path = SceneDelegate.swift; sourceTree = "<group>"; };
		F470BC6A2486DCB5008E4D09 /* ViewController.swift */ = {isa = PBXFileReference; lastKnownFileType = sourcecode.swift; path = ViewController.swift; sourceTree = "<group>"; };
		F470BC6D2486DCB5008E4D09 /* Base */ = {isa = PBXFileReference; lastKnownFileType = file.storyboard; name = Base; path = Base.lproj/Main.storyboard; sourceTree = "<group>"; };
		F470BC6F2486DCB9008E4D09 /* Assets.xcassets */ = {isa = PBXFileReference; lastKnownFileType = folder.assetcatalog; path = Assets.xcassets; sourceTree = "<group>"; };
		F470BC722486DCB9008E4D09 /* Base */ = {isa = PBXFileReference; lastKnownFileType = file.storyboard; name = Base; path = Base.lproj/LaunchScreen.storyboard; sourceTree = "<group>"; };
		F470BC742486DCB9008E4D09 /* Info.plist */ = {isa = PBXFileReference; lastKnownFileType = text.plist.xml; path = Info.plist; sourceTree = "<group>"; };
/* End PBXFileReference section */

/* Begin PBXFrameworksBuildPhase section */
		F470BC602486DCB5008E4D09 /* Frameworks */ = {
			isa = PBXFrameworksBuildPhase;
			buildActionMask = 2147483647;
			files = (
			);
			runOnlyForDeploymentPostprocessing = 0;
		};
/* End PBXFrameworksBuildPhase section */

/* Begin PBXGroup section */
		F470BC5A2486DCB4008E4D09 = {
			isa = PBXGroup;
			children = (
				F470BC652486DCB5008E4D09 /* myhealthjournal */,
				F470BC642486DCB5008E4D09 /* Products */,
			);
			sourceTree = "<group>";
		};
		F470BC642486DCB5008E4D09 /* Products */ = {
			isa = PBXGroup;
			children = (
				F470BC632486DCB5008E4D09 /* myhealthjournal.app */,
			);
			name = Products;
			sourceTree = "<group>";
		};
		F470BC652486DCB5008E4D09 /* myhealthjournal */ = {
			isa = PBXGroup;
			children = (
				A6301D6624882AD300203C94 /* blue_background.png */,
				A6301D6824882B3300203C94 /* ic_launcher-playstore.png */,
				F470BC662486DCB5008E4D09 /* AppDelegate.swift */,
				F470BC682486DCB5008E4D09 /* SceneDelegate.swift */,
				F470BC6A2486DCB5008E4D09 /* ViewController.swift */,
				F470BC6C2486DCB5008E4D09 /* Main.storyboard */,
				F470BC6F2486DCB9008E4D09 /* Assets.xcassets */,
				F470BC712486DCB9008E4D09 /* LaunchScreen.storyboard */,
				F470BC742486DCB9008E4D09 /* Info.plist */,
			);
			path = myhealthjournal;
			sourceTree = "<group>";
		};
/* End PBXGroup section */

/* Begin PBXNativeTarget section */
		F470BC622486DCB5008E4D09 /* myhealthjournal */ = {
			isa = PBXNativeTarget;
			buildConfigurationList = F470BC772486DCB9008E4D09 /* Build configuration list for PBXNativeTarget "myhealthjournal" */;
			buildPhases = (
				F470BC5F2486DCB5008E4D09 /* Sources */,
				F470BC602486DCB5008E4D09 /* Frameworks */,
				F470BC612486DCB5008E4D09 /* Resources */,
			);
			buildRules = (
			);
			dependencies = (
			);
			name = myhealthjournal;
			productName = myhealthjournal;
			productReference = F470BC632486DCB5008E4D09 /* myhealthjournal.app */;
			productType = "com.apple.product-type.application";
		};
/* End PBXNativeTarget section */

/* Begin PBXProject section */
		F470BC5B2486DCB4008E4D09 /* Project object */ = {
			isa = PBXProject;
			attributes = {
				LastSwiftUpdateCheck = 1140;
				LastUpgradeCheck = 1140;
				ORGANIZATIONNAME = LifeHealthSolutions;
				TargetAttributes = {
					F470BC622486DCB5008E4D09 = {
						CreatedOnToolsVersion = 11.4.1;
					};
				};
			};
			buildConfigurationList = F470BC5E2486DCB4008E4D09 /* Build configuration list for PBXProject "myhealthjournal" */;
			compatibilityVersion = "Xcode 9.3";
			developmentRegion = en;
			hasScannedForEncodings = 0;
			knownRegions = (
				en,
				Base,
			);
			mainGroup = F470BC5A2486DCB4008E4D09;
			productRefGroup = F470BC642486DCB5008E4D09 /* Products */;
			projectDirPath = "";
			projectRoot = "";
			targets = (
				F470BC622486DCB5008E4D09 /* myhealthjournal */,
			);
		};
/* End PBXProject section */

/* Begin PBXResourcesBuildPhase section */
		F470BC612486DCB5008E4D09 /* Resources */ = {
			isa = PBXResourcesBuildPhase;
			buildActionMask = 2147483647;
			files = (
				F470BC732486DCB9008E4D09 /* LaunchScreen.storyboard in Resources */,
				A6301D6924882B3300203C94 /* ic_launcher-playstore.png in Resources */,
				A6301D6724882AD300203C94 /* blue_background.png in Resources */,
				F470BC702486DCB9008E4D09 /* Assets.xcassets in Resources */,
				F470BC6E2486DCB5008E4D09 /* Main.storyboard in Resources */,
			);
			runOnlyForDeploymentPostprocessing = 0;
		};
/* End PBXResourcesBuildPhase section */

/* Begin PBXSourcesBuildPhase section */
		F470BC5F2486DCB5008E4D09 /* Sources */ = {
			isa = PBXSourcesBuildPhase;
			buildActionMask = 2147483647;
			files = (
				F470BC6B2486DCB5008E4D09 /* ViewController.swift in Sources */,
				F470BC672486DCB5008E4D09 /* AppDelegate.swift in Sources */,
				F470BC692486DCB5008E4D09 /* SceneDelegate.swift in Sources */,
			);
			runOnlyForDeploymentPostprocessing = 0;
		};
/* End PBXSourcesBuildPhase section */

/* Begin PBXVariantGroup section */
		F470BC6C2486DCB5008E4D09 /* Main.storyboard */ = {
			isa = PBXVariantGroup;
			children = (
				F470BC6D2486DCB5008E4D09 /* Base */,
			);
			name = Main.storyboard;
			sourceTree = "<group>";
		};
		F470BC712486DCB9008E4D09 /* LaunchScreen.storyboard */ = {
			isa = PBXVariantGroup;
			children = (
				F470BC722486DCB9008E4D09 /* Base */,
			);
			name = LaunchScreen.storyboard;
			sourceTree = "<group>";
		};
/* End PBXVariantGroup section */

/* Begin XCBuildConfiguration section */
		F470BC752486DCB9008E4D09 /* Debug */ = {
			isa = XCBuildConfiguration;
			buildSettings = {
				ALWAYS_SEARCH_USER_PATHS = NO;
				CLANG_ANALYZER_NONNULL = YES;
				CLANG_ANALYZER_NUMBER_OBJECT_CONVERSION = YES_AGGRESSIVE;
				CLANG_CXX_LANGUAGE_STANDARD = "gnu++14";
				CLANG_CXX_LIBRARY = "libc++";
				CLANG_ENABLE_MODULES = YES;
				CLANG_ENABLE_OBJC_ARC = YES;
				CLANG_ENABLE_OBJC_WEAK = YES;
				CLANG_WARN_BLOCK_CAPTURE_AUTORELEASING = YES;
				CLANG_WARN_BOOL_CONVERSION = YES;
				CLANG_WARN_COMMA = YES;
				CLANG_WARN_CONSTANT_CONVERSION = YES;
				CLANG_WARN_DEPRECATED_OBJC_IMPLEMENTATIONS = YES;
				CLANG_WARN_DIRECT_OBJC_ISA_USAGE = YES_ERROR;
				CLANG_WARN_DOCUMENTATION_COMMENTS = YES;
				CLANG_WARN_EMPTY_BODY = YES;
				CLANG_WARN_ENUM_CONVERSION = YES;
				CLANG_WARN_INFINITE_RECURSION = YES;
				CLANG_WARN_INT_CONVERSION = YES;
				CLANG_WARN_NON_LITERAL_NULL_CONVERSION = YES;
				CLANG_WARN_OBJC_IMPLICIT_RETAIN_SELF = YES;
				CLANG_WARN_OBJC_LITERAL_CONVERSION = YES;
				CLANG_WARN_OBJC_ROOT_CLASS = YES_ERROR;
				CLANG_WARN_RANGE_LOOP_ANALYSIS = YES;
				CLANG_WARN_STRICT_PROTOTYPES = YES;
				CLANG_WARN_SUSPICIOUS_MOVE = YES;
				CLANG_WARN_UNGUARDED_AVAILABILITY = YES_AGGRESSIVE;
				CLANG_WARN_UNREACHABLE_CODE = YES;
				CLANG_WARN__DUPLICATE_METHOD_MATCH = YES;
				COPY_PHASE_STRIP = NO;
				DEBUG_INFORMATION_FORMAT = dwarf;
				ENABLE_STRICT_OBJC_MSGSEND = YES;
				ENABLE_TESTABILITY = YES;
				GCC_C_LANGUAGE_STANDARD = gnu11;
				GCC_DYNAMIC_NO_PIC = NO;
				GCC_NO_COMMON_BLOCKS = YES;
				GCC_OPTIMIZATION_LEVEL = 0;
				GCC_PREPROCESSOR_DEFINITIONS = (
					"DEBUG=1",
					"$(inherited)",
				);
				GCC_WARN_64_TO_32_BIT_CONVERSION = YES;
				GCC_WARN_ABOUT_RETURN_TYPE = YES_ERROR;
				GCC_WARN_UNDECLARED_SELECTOR = YES;
				GCC_WARN_UNINITIALIZED_AUTOS = YES_AGGRESSIVE;
				GCC_WARN_UNUSED_FUNCTION = YES;
				GCC_WARN_UNUSED_VARIABLE = YES;
				IPHONEOS_DEPLOYMENT_TARGET = 13.4;
				MTL_ENABLE_DEBUG_INFO = INCLUDE_SOURCE;
				MTL_FAST_MATH = YES;
				ONLY_ACTIVE_ARCH = YES;
				SDKROOT = iphoneos;
				SWIFT_ACTIVE_COMPILATION_CONDITIONS = DEBUG;
				SWIFT_OPTIMIZATION_LEVEL = "-Onone";
			};
			name = Debug;
		};
		F470BC762486DCB9008E4D09 /* Release */ = {
			isa = XCBuildConfiguration;
			buildSettings = {
				ALWAYS_SEARCH_USER_PATHS = NO;
				CLANG_ANALYZER_NONNULL = YES;
				CLANG_ANALYZER_NUMBER_OBJECT_CONVERSION = YES_AGGRESSIVE;
				CLANG_CXX_LANGUAGE_STANDARD = "gnu++14";
				CLANG_CXX_LIBRARY = "libc++";
				CLANG_ENABLE_MODULES = YES;
				CLANG_ENABLE_OBJC_ARC = YES;
				CLANG_ENABLE_OBJC_WEAK = YES;
				CLANG_WARN_BLOCK_CAPTURE_AUTORELEASING = YES;
				CLANG_WARN_BOOL_CONVERSION = YES;
				CLANG_WARN_COMMA = YES;
				CLANG_WARN_CONSTANT_CONVERSION = YES;
				CLANG_WARN_DEPRECATED_OBJC_IMPLEMENTATIONS = YES;
				CLANG_WARN_DIRECT_OBJC_ISA_USAGE = YES_ERROR;
				CLANG_WARN_DOCUMENTATION_COMMENTS = YES;
				CLANG_WARN_EMPTY_BODY = YES;
				CLANG_WARN_ENUM_CONVERSION = YES;
				CLANG_WARN_INFINITE_RECURSION = YES;
				CLANG_WARN_INT_CONVERSION = YES;
				CLANG_WARN_NON_LITERAL_NULL_CONVERSION = YES;
				CLANG_WARN_OBJC_IMPLICIT_RETAIN_SELF = YES;
				CLANG_WARN_OBJC_LITERAL_CONVERSION = YES;
				CLANG_WARN_OBJC_ROOT_CLASS = YES_ERROR;
				CLANG_WARN_RANGE_LOOP_ANALYSIS = YES;
				CLANG_WARN_STRICT_PROTOTYPES = YES;
				CLANG_WARN_SUSPICIOUS_MOVE = YES;
				CLANG_WARN_UNGUARDED_AVAILABILITY = YES_AGGRESSIVE;
				CLANG_WARN_UNREACHABLE_CODE = YES;
				CLANG_WARN__DUPLICATE_METHOD_MATCH = YES;
				COPY_PHASE_STRIP = NO;
				DEBUG_INFORMATION_FORMAT = "dwarf-with-dsym";
				ENABLE_NS_ASSERTIONS = NO;
				ENABLE_STRICT_OBJC_MSGSEND = YES;
				GCC_C_LANGUAGE_STANDARD = gnu11;
				GCC_NO_COMMON_BLOCKS = YES;
				GCC_WARN_64_TO_32_BIT_CONVERSION = YES;
				GCC_WARN_ABOUT_RETURN_TYPE = YES_ERROR;
				GCC_WARN_UNDECLARED_SELECTOR = YES;
				GCC_WARN_UNINITIALIZED_AUTOS = YES_AGGRESSIVE;
				GCC_WARN_UNUSED_FUNCTION = YES;
				GCC_WARN_UNUSED_VARIABLE = YES;
				IPHONEOS_DEPLOYMENT_TARGET = 13.4;
				MTL_ENABLE_DEBUG_INFO = NO;
				MTL_FAST_MATH = YES;
				SDKROOT = iphoneos;
				SWIFT_COMPILATION_MODE = wholemodule;
				SWIFT_OPTIMIZATION_LEVEL = "-O";
				VALIDATE_PRODUCT = YES;
			};
			name = Release;
		};
		F470BC782486DCB9008E4D09 /* Debug */ = {
			isa = XCBuildConfiguration;
			buildSettings = {
				ASSETCATALOG_COMPILER_APPICON_NAME = AppIcon;
				CODE_SIGN_STYLE = Automatic;
				INFOPLIST_FILE = myhealthjournal/Info.plist;
				LD_RUNPATH_SEARCH_PATHS = (
					"$(inherited)",
					"@executable_path/Frameworks",
				);
				PRODUCT_BUNDLE_IDENTIFIER = mx.lifehealthsolutions.myhealthjournal;
				PRODUCT_NAME = "$(TARGET_NAME)";
				SWIFT_VERSION = 5.0;
				TARGETED_DEVICE_FAMILY = "1,2";
			};
			name = Debug;
		};
		F470BC792486DCB9008E4D09 /* Release */ = {
			isa = XCBuildConfiguration;
			buildSettings = {
				ASSETCATALOG_COMPILER_APPICON_NAME = AppIcon;
				CODE_SIGN_STYLE = Automatic;
				INFOPLIST_FILE = myhealthjournal/Info.plist;
				LD_RUNPATH_SEARCH_PATHS = (
					"$(inherited)",
					"@executable_path/Frameworks",
				);
				PRODUCT_BUNDLE_IDENTIFIER = mx.lifehealthsolutions.myhealthjournal;
				PRODUCT_NAME = "$(TARGET_NAME)";
				SWIFT_VERSION = 5.0;
				TARGETED_DEVICE_FAMILY = "1,2";
			};
			name = Release;
		};
/* End XCBuildConfiguration section */

/* Begin XCConfigurationList section */
		F470BC5E2486DCB4008E4D09 /* Build configuration list for PBXProject "myhealthjournal" */ = {
			isa = XCConfigurationList;
			buildConfigurations = (
				F470BC752486DCB9008E4D09 /* Debug */,
				F470BC762486DCB9008E4D09 /* Release */,
			);
			defaultConfigurationIsVisible = 0;
			defaultConfigurationName = Release;
		};
		F470BC772486DCB9008E4D09 /* Build configuration list for PBXNativeTarget "myhealthjournal" */ = {
			isa = XCConfigurationList;
			buildConfigurations = (
				F470BC782486DCB9008E4D09 /* Debug */,
				F470BC792486DCB9008E4D09 /* Release */,
			);
			defaultConfigurationIsVisible = 0;
			defaultConfigurationName = Release;
		};
/* End XCConfigurationList section */
	};
	rootObject = F470BC5B2486DCB4008E4D09 /* Project object */;
}
